
Microsoft Visual Studio Solution File, Format Version 12.00
# Visual Studio Version 16
VisualStudioVersion = 16.0.31402.337
MinimumVisualStudioVersion = 10.0.40219.1
Project("{FAE04EC0-301F-11D3-BF4B-00C04F79EFBC}") = "BSMHackathon.Android", "BSMHackathon\BSMHackathon.Android\BSMHackathon.Android.csproj", "{29BB24CC-9716-4F8B-8335-2D4388384619}"
EndProject
Project("{FAE04EC0-301F-11D3-BF4B-00C04F79EFBC}") = "BSMHackathon.iOS", "BSMHackathon\BSMHackathon.iOS\BSMHackathon.iOS.csproj", "{4C72DACE-2C21-4853-8928-9E5560359A73}"
EndProject
Project("{FAE04EC0-301F-11D3-BF4B-00C04F79EFBC}") = "BSMHackathon", "BSMHackathon\BSMHackathon\BSMHackathon.csproj", "{943048BE-A478-43B8-9F4E-71246B9B26A9}"
EndProject
Global
	GlobalSection(SolutionConfigurationPlatforms) = preSolution
		Debug|Any CPU = Debug|Any CPU
		Debug|iPhone = Debug|iPhone
		Debug|iPhoneSimulator = Debug|iPhoneSimulator
		Release|Any CPU = Release|Any CPU
		Release|iPhone = Release|iPhone
		Release|iPhoneSimulator = Release|iPhoneSimulator
	EndGlobalSection
	GlobalSection(ProjectConfigurationPlatforms) = postSolution
		{29BB24CC-9716-4F8B-8335-2D4388384619}.Debug|Any CPU.ActiveCfg = Debug|Any CPU
		{29BB24CC-9716-4F8B-8335-2D4388384619}.Debug|Any CPU.Build.0 = Debug|Any CPU
		{29BB24CC-9716-4F8B-8335-2D4388384619}.Debug|Any CPU.Deploy.0 = Debug|Any CPU
		{29BB24CC-9716-4F8B-8335-2D4388384619}.Debug|iPhone.ActiveCfg = Debug|Any CPU
		{29BB24CC-9716-4F8B-8335-2D4388384619}.Debug|iPhone.Build.0 = Debug|Any CPU
		{29BB24CC-9716-4F8B-8335-2D4388384619}.Debug|iPhone.Deploy.0 = Debug|Any CPU
		{29BB24CC-9716-4F8B-8335-2D4388384619}.Debug|iPhoneSimulator.ActiveCfg = Debug|Any CPU
		{29BB24CC-9716-4F8B-8335-2D4388384619}.Debug|iPhoneSimulator.Build.0 = Debug|Any CPU
		{29BB24CC-9716-4F8B-8335-2D4388384619}.Debug|iPhoneSimulator.Deploy.0 = Debug|Any CPU
		{29BB24CC-9716-4F8B-8335-2D4388384619}.Release|Any CPU.ActiveCfg = Release|Any CPU
		{29BB24CC-9716-4F8B-8335-2D4388384619}.Release|Any CPU.Build.0 = Release|Any CPU
		{29BB24CC-9716-4F8B-8335-2D4388384619}.Release|Any CPU.Deploy.0 = Release|Any CPU
		{29BB24CC-9716-4F8B-8335-2D4388384619}.Release|iPhone.ActiveCfg = Release|Any CPU
		{29BB24CC-9716-4F8B-8335-2D4388384619}.Release|iPhone.Build.0 = Release|Any CPU
		{29BB24CC-9716-4F8B-8335-2D4388384619}.Release|iPhone.Deploy.0 = Release|Any CPU
		{29BB24CC-9716-4F8B-8335-2D4388384619}.Release|iPhoneSimulator.ActiveCfg = Release|Any CPU
		{29BB24CC-9716-4F8B-8335-2D4388384619}.Release|iPhoneSimulator.Build.0 = Release|Any CPU
		{29BB24CC-9716-4F8B-8335-2D4388384619}.Release|iPhoneSimulator.Deploy.0 = Release|Any CPU
		{4C72DACE-2C21-4853-8928-9E5560359A73}.Debug|Any CPU.ActiveCfg = Debug|iPhone
		{4C72DACE-2C21-4853-8928-9E5560359A73}.Debug|Any CPU.Build.0 = Debug|iPhone
		{4C72DACE-2C21-4853-8928-9E5560359A73}.Debug|Any CPU.Deploy.0 = Debug|iPhone
		{4C72DACE-2C21-4853-8928-9E5560359A73}.Debug|iPhone.ActiveCfg = Debug|iPhone
		{4C72DACE-2C21-4853-8928-9E5560359A73}.Debug|iPhone.Build.0 = Debug|iPhone
		{4C72DACE-2C21-4853-8928-9E5560359A73}.Debug|iPhone.Deploy.0 = Debug|iPhone
		{4C72DACE-2C21-4853-8928-9E5560359A73}.Debug|iPhoneSimulator.ActiveCfg = Debug|iPhoneSimulator
		{4C72DACE-2C21-4853-8928-9E5560359A73}.Debug|iPhoneSimulator.Build.0 = Debug|iPhoneSimulator
		{4C72DACE-2C21-4853-8928-9E5560359A73}.Debug|iPhoneSimulator.Deploy.0 = Debug|iPhoneSimulator
		{4C72DACE-2C21-4853-8928-9E5560359A73}.Release|Any CPU.ActiveCfg = Release|iPhoneSimulator
		{4C72DACE-2C21-4853-8928-9E5560359A73}.Release|Any CPU.Build.0 = Release|iPhoneSimulator
		{4C72DACE-2C21-4853-8928-9E5560359A73}.Release|Any CPU.Deploy.0 = Release|iPhoneSimulator
		{4C72DACE-2C21-4853-8928-9E5560359A73}.Release|iPhone.ActiveCfg = Release|iPhone
		{4C72DACE-2C21-4853-8928-9E5560359A73}.Release|iPhone.Build.0 = Release|iPhone
		{4C72DACE-2C21-4853-8928-9E5560359A73}.Release|iPhone.Deploy.0 = Release|iPhone
		{4C72DACE-2C21-4853-8928-9E5560359A73}.Release|iPhoneSimulator.ActiveCfg = Release|iPhoneSimulator
		{4C72DACE-2C21-4853-8928-9E5560359A73}.Release|iPhoneSimulator.Build.0 = Release|iPhoneSimulator
		{4C72DACE-2C21-4853-8928-9E5560359A73}.Release|iPhoneSimulator.Deploy.0 = Release|iPhoneSimulator
		{943048BE-A478-43B8-9F4E-71246B9B26A9}.Debug|Any CPU.ActiveCfg = Debug|Any CPU
		{943048BE-A478-43B8-9F4E-71246B9B26A9}.Debug|Any CPU.Build.0 = Debug|Any CPU
		{943048BE-A478-43B8-9F4E-71246B9B26A9}.Debug|Any CPU.Deploy.0 = Debug|Any CPU
		{943048BE-A478-43B8-9F4E-71246B9B26A9}.Debug|iPhone.ActiveCfg = Debug|Any CPU
		{943048BE-A478-43B8-9F4E-71246B9B26A9}.Debug|iPhone.Build.0 = Debug|Any CPU
		{943048BE-A478-43B8-9F4E-71246B9B26A9}.Debug|iPhone.Deploy.0 = Debug|Any CPU
		{943048BE-A478-43B8-9F4E-71246B9B26A9}.Debug|iPhoneSimulator.ActiveCfg = Debug|Any CPU
		{943048BE-A478-43B8-9F4E-71246B9B26A9}.Debug|iPhoneSimulator.Build.0 = Debug|Any CPU
		{943048BE-A478-43B8-9F4E-71246B9B26A9}.Debug|iPhoneSimulator.Deploy.0 = Debug|Any CPU
		{943048BE-A478-43B8-9F4E-71246B9B26A9}.Release|Any CPU.ActiveCfg = Release|Any CPU
		{943048BE-A478-43B8-9F4E-71246B9B26A9}.Release|Any CPU.Build.0 = Release|Any CPU
		{943048BE-A478-43B8-9F4E-71246B9B26A9}.Release|Any CPU.Deploy.0 = Release|Any CPU
		{943048BE-A478-43B8-9F4E-71246B9B26A9}.Release|iPhone.ActiveCfg = Release|Any CPU
		{943048BE-A478-43B8-9F4E-71246B9B26A9}.Release|iPhone.Build.0 = Release|Any CPU
		{943048BE-A478-43B8-9F4E-71246B9B26A9}.Release|iPhone.Deploy.0 = Release|Any CPU
		{943048BE-A478-43B8-9F4E-71246B9B26A9}.Release|iPhoneSimulator.ActiveCfg = Release|Any CPU
		{943048BE-A478-43B8-9F4E-71246B9B26A9}.Release|iPhoneSimulator.Build.0 = Release|Any CPU
		{943048BE-A478-43B8-9F4E-71246B9B26A9}.Release|iPhoneSimulator.Deploy.0 = Release|Any CPU
	EndGlobalSection
	GlobalSection(SolutionProperties) = preSolution
		HideSolutionNode = FALSE
	EndGlobalSection
	GlobalSection(ExtensibilityGlobals) = postSolution
		SolutionGuid = {E28E418B-C6BA-4CC6-AFA9-7F5DB3B2BC07}
	EndGlobalSection
EndGlobal
